
Microsoft Visual Studio Solution File, Format Version 12.00
Project("{FAE04EC0-301F-11D3-BF4B-00C04F79EFBC}") = "SimpleApiCall", "SimpleApiCall\SimpleApiCall.csproj", "{E88451AD-2134-43CD-903F-AE47FAC47493}"
EndProject
Project("{2150E333-8FDC-42A3-9474-1A3956D46DE8}") = ".github", ".github", "{3426136A-98B1-478B-830C-BE654FF6D712}"
EndProject
Project("{2150E333-8FDC-42A3-9474-1A3956D46DE8}") = "workflows", "workflows", "{6E37816A-ECB6-4435-97BE-F6197E2072D3}"
	ProjectSection(SolutionItems) = preProject
		dotnet.yml = dotnet.yml
	EndProjectSection
EndProject
Global
	GlobalSection(SolutionConfigurationPlatforms) = preSolution
		Debug|Any CPU = Debug|Any CPU
		Release|Any CPU = Release|Any CPU
	EndGlobalSection
	GlobalSection(ProjectConfigurationPlatforms) = postSolution
		{E88451AD-2134-43CD-903F-AE47FAC47493}.Debug|Any CPU.ActiveCfg = Debug|Any CPU
		{E88451AD-2134-43CD-903F-AE47FAC47493}.Debug|Any CPU.Build.0 = Debug|Any CPU
		{E88451AD-2134-43CD-903F-AE47FAC47493}.Release|Any CPU.ActiveCfg = Release|Any CPU
		{E88451AD-2134-43CD-903F-AE47FAC47493}.Release|Any CPU.Build.0 = Release|Any CPU
	EndGlobalSection
	GlobalSection(NestedProjects) = preSolution
		{6E37816A-ECB6-4435-97BE-F6197E2072D3} = {3426136A-98B1-478B-830C-BE654FF6D712}
	EndGlobalSection
EndGlobal
